
Microsoft Visual Studio Solution File, Format Version 12.00
# Visual Studio Version 16
VisualStudioVersion = 16.0.34301.259
MinimumVisualStudioVersion = 10.0.40219.1
Project("{8BC9CEB8-8B4A-11D0-8D11-00A0C91BC942}") = "wintertest20", "wintertest20.vcxproj", "{31ABC07C-F6B3-4C0F-8EF8-EF0DE74F04B8}"
EndProject
Global
	GlobalSection(SolutionConfigurationPlatforms) = preSolution
		Debug|x64 = Debug|x64
		Debug|x86 = Debug|x86
		Release|x64 = Release|x64
		Release|x86 = Release|x86
	EndGlobalSection
	GlobalSection(ProjectConfigurationPlatforms) = postSolution
		{31ABC07C-F6B3-4C0F-8EF8-EF0DE74F04B8}.Debug|x64.ActiveCfg = Debug|x64
		{31ABC07C-F6B3-4C0F-8EF8-EF0DE74F04B8}.Debug|x64.Build.0 = Debug|x64
		{31ABC07C-F6B3-4C0F-8EF8-EF0DE74F04B8}.Debug|x86.ActiveCfg = Debug|Win32
		{31ABC07C-F6B3-4C0F-8EF8-EF0DE74F04B8}.Debug|x86.Build.0 = Debug|Win32
		{31ABC07C-F6B3-4C0F-8EF8-EF0DE74F04B8}.Release|x64.ActiveCfg = Release|x64
		{31ABC07C-F6B3-4C0F-8EF8-EF0DE74F04B8}.Release|x64.Build.0 = Release|x64
		{31ABC07C-F6B3-4C0F-8EF8-EF0DE74F04B8}.Release|x86.ActiveCfg = Release|Win32
		{31ABC07C-F6B3-4C0F-8EF8-EF0DE74F04B8}.Release|x86.Build.0 = Release|Win32
	EndGlobalSection
	GlobalSection(SolutionProperties) = preSolution
		HideSolutionNode = FALSE
	EndGlobalSection
	GlobalSection(ExtensibilityGlobals) = postSolution
		SolutionGuid = {B844B93C-9254-4CCE-A998-8BEB590EA7EF}
	EndGlobalSection
EndGlobal
